
Microsoft Visual Studio Solution File, Format Version 12.00
# Visual Studio Version 16
VisualStudioVersion = 16.0.31402.337
MinimumVisualStudioVersion = 10.0.40219.1
Project("{9A19103F-16F7-4668-BE54-9A1E7A4F7556}") = "livestock-api-sample-client-webapp", "WebApp\livestock-api-sample-client-webapp.csproj", "{BB287D04-7CA5-4229-806B-2B562A6DF3B9}"
EndProject
Global
	GlobalSection(SolutionConfigurationPlatforms) = preSolution
		Debug|Any CPU = Debug|Any CPU
		Release|Any CPU = Release|Any CPU
	EndGlobalSection
	GlobalSection(ProjectConfigurationPlatforms) = postSolution
		{BB287D04-7CA5-4229-806B-2B562A6DF3B9}.Debug|Any CPU.ActiveCfg = Debug|Any CPU
		{BB287D04-7CA5-4229-806B-2B562A6DF3B9}.Debug|Any CPU.Build.0 = Debug|Any CPU
		{BB287D04-7CA5-4229-806B-2B562A6DF3B9}.Release|Any CPU.ActiveCfg = Release|Any CPU
		{BB287D04-7CA5-4229-806B-2B562A6DF3B9}.Release|Any CPU.Build.0 = Release|Any CPU
	EndGlobalSection
	GlobalSection(SolutionProperties) = preSolution
		HideSolutionNode = FALSE
	EndGlobalSection
	GlobalSection(ExtensibilityGlobals) = postSolution
		SolutionGuid = {4E9BDC1B-8136-4C3A-9237-919C9406A0C2}
	EndGlobalSection
EndGlobal
